// !$*UTF8*$!
{
	archiveVersion = 1;
	classes = {
	};
	objectVersion = 56;
	objects = {

/* Begin PBXBuildFile section */
		58817C1F2A710F9600500E83 /* AppDelegate.swift in Sources */ = {isa = PBXBuildFile; fileRef = 58817C1E2A710F9600500E83 /* AppDelegate.swift */; };
		58817C212A710F9600500E83 /* SceneDelegate.swift in Sources */ = {isa = PBXBuildFile; fileRef = 58817C202A710F9600500E83 /* SceneDelegate.swift */; };
		58817C232A710F9600500E83 /* ViewController.swift in Sources */ = {isa = PBXBuildFile; fileRef = 58817C222A710F9600500E83 /* ViewController.swift */; };
		58817C262A710F9600500E83 /* Main.storyboard in Resources */ = {isa = PBXBuildFile; fileRef = 58817C242A710F9600500E83 /* Main.storyboard */; };
		58817C282A710F9700500E83 /* Assets.xcassets in Resources */ = {isa = PBXBuildFile; fileRef = 58817C272A710F9700500E83 /* Assets.xcassets */; };
		58817C2B2A710F9700500E83 /* LaunchScreen.storyboard in Resources */ = {isa = PBXBuildFile; fileRef = 58817C292A710F9700500E83 /* LaunchScreen.storyboard */; };
		58817C362A710F9700500E83 /* CombineIntroTests.swift in Sources */ = {isa = PBXBuildFile; fileRef = 58817C352A710F9700500E83 /* CombineIntroTests.swift */; };
		58817C402A710F9700500E83 /* CombineIntroUITests.swift in Sources */ = {isa = PBXBuildFile; fileRef = 58817C3F2A710F9700500E83 /* CombineIntroUITests.swift */; };
		58817C422A710F9700500E83 /* CombineIntroUITestsLaunchTests.swift in Sources */ = {isa = PBXBuildFile; fileRef = 58817C412A710F9700500E83 /* CombineIntroUITestsLaunchTests.swift */; };
		58817C7E2A7112B000500E83 /* APICaller.swift in Sources */ = {isa = PBXBuildFile; fileRef = 58817C7D2A7112B000500E83 /* APICaller.swift */; };
/* End PBXBuildFile section */

/* Begin PBXContainerItemProxy section */
		58817C322A710F9700500E83 /* PBXContainerItemProxy */ = {
			isa = PBXContainerItemProxy;
			containerPortal = 58817C132A710F9600500E83 /* Project object */;
			proxyType = 1;
			remoteGlobalIDString = 58817C1A2A710F9600500E83;
			remoteInfo = CombineIntro;
		};
		58817C3C2A710F9700500E83 /* PBXContainerItemProxy */ = {
			isa = PBXContainerItemProxy;
			containerPortal = 58817C132A710F9600500E83 /* Project object */;
			proxyType = 1;
			remoteGlobalIDString = 58817C1A2A710F9600500E83;
			remoteInfo = CombineIntro;
		};
/* End PBXContainerItemProxy section */

/* Begin PBXFileReference section */
		58817C1B2A710F9600500E83 /* CombineIntro.app */ = {isa = PBXFileReference; explicitFileType = wrapper.application; includeInIndex = 0; path = CombineIntro.app; sourceTree = BUILT_PRODUCTS_DIR; };
		58817C1E2A710F9600500E83 /* AppDelegate.swift */ = {isa = PBXFileReference; lastKnownFileType = sourcecode.swift; path = AppDelegate.swift; sourceTree = "<group>"; };
		58817C202A710F9600500E83 /* SceneDelegate.swift */ = {isa = PBXFileReference; lastKnownFileType = sourcecode.swift; path = SceneDelegate.swift; sourceTree = "<group>"; };
		58817C222A710F9600500E83 /* ViewController.swift */ = {isa = PBXFileReference; lastKnownFileType = sourcecode.swift; path = ViewController.swift; sourceTree = "<group>"; };
		58817C252A710F9600500E83 /* Base */ = {isa = PBXFileReference; lastKnownFileType = file.storyboard; name = Base; path = Base.lproj/Main.storyboard; sourceTree = "<group>"; };
		58817C272A710F9700500E83 /* Assets.xcassets */ = {isa = PBXFileReference; lastKnownFileType = folder.assetcatalog; path = Assets.xcassets; sourceTree = "<group>"; };
		58817C2A2A710F9700500E83 /* Base */ = {isa = PBXFileReference; lastKnownFileType = file.storyboard; name = Base; path = Base.lproj/LaunchScreen.storyboard; sourceTree = "<group>"; };
		58817C2C2A710F9700500E83 /* Info.plist */ = {isa = PBXFileReference; lastKnownFileType = text.plist.xml; path = Info.plist; sourceTree = "<group>"; };
		58817C312A710F9700500E83 /* CombineIntroTests.xctest */ = {isa = PBXFileReference; explicitFileType = wrapper.cfbundle; includeInIndex = 0; path = CombineIntroTests.xctest; sourceTree = BUILT_PRODUCTS_DIR; };
		58817C352A710F9700500E83 /* CombineIntroTests.swift */ = {isa = PBXFileReference; lastKnownFileType = sourcecode.swift; path = CombineIntroTests.swift; sourceTree = "<group>"; };
		58817C3B2A710F9700500E83 /* CombineIntroUITests.xctest */ = {isa = PBXFileReference; explicitFileType = wrapper.cfbundle; includeInIndex = 0; path = CombineIntroUITests.xctest; sourceTree = BUILT_PRODUCTS_DIR; };
		58817C3F2A710F9700500E83 /* CombineIntroUITests.swift */ = {isa = PBXFileReference; lastKnownFileType = sourcecode.swift; path = CombineIntroUITests.swift; sourceTree = "<group>"; };
		58817C412A710F9700500E83 /* CombineIntroUITestsLaunchTests.swift */ = {isa = PBXFileReference; lastKnownFileType = sourcecode.swift; path = CombineIntroUITestsLaunchTests.swift; sourceTree = "<group>"; };
		58817C7D2A7112B000500E83 /* APICaller.swift */ = {isa = PBXFileReference; lastKnownFileType = sourcecode.swift; path = APICaller.swift; sourceTree = "<group>"; };
/* End PBXFileReference section */

/* Begin PBXFrameworksBuildPhase section */
		58817C182A710F9600500E83 /* Frameworks */ = {
			isa = PBXFrameworksBuildPhase;
			buildActionMask = 2147483647;
			files = (
			);
			runOnlyForDeploymentPostprocessing = 0;
		};
		58817C2E2A710F9700500E83 /* Frameworks */ = {
			isa = PBXFrameworksBuildPhase;
			buildActionMask = 2147483647;
			files = (
			);
			runOnlyForDeploymentPostprocessing = 0;
		};
		58817C382A710F9700500E83 /* Frameworks */ = {
			isa = PBXFrameworksBuildPhase;
			buildActionMask = 2147483647;
			files = (
			);
			runOnlyForDeploymentPostprocessing = 0;
		};
/* End PBXFrameworksBuildPhase section */

/* Begin PBXGroup section */
		58817C122A710F9600500E83 = {
			isa = PBXGroup;
			children = (
				58817C1D2A710F9600500E83 /* CombineIntro */,
				58817C342A710F9700500E83 /* CombineIntroTests */,
				58817C3E2A710F9700500E83 /* CombineIntroUITests */,
				58817C1C2A710F9600500E83 /* Products */,
			);
			sourceTree = "<group>";
		};
		58817C1C2A710F9600500E83 /* Products */ = {
			isa = PBXGroup;
			children = (
				58817C1B2A710F9600500E83 /* CombineIntro.app */,
				58817C312A710F9700500E83 /* CombineIntroTests.xctest */,
				58817C3B2A710F9700500E83 /* CombineIntroUITests.xctest */,
			);
			name = Products;
			sourceTree = "<group>";
		};
		58817C1D2A710F9600500E83 /* CombineIntro */ = {
			isa = PBXGroup;
			children = (
				58817C1E2A710F9600500E83 /* AppDelegate.swift */,
				58817C7C2A7112A200500E83 /* network */,
				58817C7B2A71129900500E83 /* views */,
				58817C242A710F9600500E83 /* Main.storyboard */,
				58817C272A710F9700500E83 /* Assets.xcassets */,
				58817C292A710F9700500E83 /* LaunchScreen.storyboard */,
				58817C2C2A710F9700500E83 /* Info.plist */,
			);
			path = CombineIntro;
			sourceTree = "<group>";
		};
		58817C342A710F9700500E83 /* CombineIntroTests */ = {
			isa = PBXGroup;
			children = (
				58817C352A710F9700500E83 /* CombineIntroTests.swift */,
			);
			path = CombineIntroTests;
			sourceTree = "<group>";
		};
		58817C3E2A710F9700500E83 /* CombineIntroUITests */ = {
			isa = PBXGroup;
			children = (
				58817C3F2A710F9700500E83 /* CombineIntroUITests.swift */,
				58817C412A710F9700500E83 /* CombineIntroUITestsLaunchTests.swift */,
			);
			path = CombineIntroUITests;
			sourceTree = "<group>";
		};
		58817C7B2A71129900500E83 /* views */ = {
			isa = PBXGroup;
			children = (
				58817C202A710F9600500E83 /* SceneDelegate.swift */,
				58817C222A710F9600500E83 /* ViewController.swift */,
			);
			path = views;
			sourceTree = "<group>";
		};
		58817C7C2A7112A200500E83 /* network */ = {
			isa = PBXGroup;
			children = (
				58817C7D2A7112B000500E83 /* APICaller.swift */,
			);
			path = network;
			sourceTree = "<group>";
		};
/* End PBXGroup section */

/* Begin PBXNativeTarget section */
		58817C1A2A710F9600500E83 /* CombineIntro */ = {
			isa = PBXNativeTarget;
			buildConfigurationList = 58817C452A710F9700500E83 /* Build configuration list for PBXNativeTarget "CombineIntro" */;
			buildPhases = (
				58817C172A710F9600500E83 /* Sources */,
				58817C182A710F9600500E83 /* Frameworks */,
				58817C192A710F9600500E83 /* Resources */,
			);
			buildRules = (
			);
			dependencies = (
			);
			name = CombineIntro;
			productName = CombineIntro;
			productReference = 58817C1B2A710F9600500E83 /* CombineIntro.app */;
			productType = "com.apple.product-type.application";
		};
		58817C302A710F9700500E83 /* CombineIntroTests */ = {
			isa = PBXNativeTarget;
			buildConfigurationList = 58817C482A710F9700500E83 /* Build configuration list for PBXNativeTarget "CombineIntroTests" */;
			buildPhases = (
				58817C2D2A710F9700500E83 /* Sources */,
				58817C2E2A710F9700500E83 /* Frameworks */,
				58817C2F2A710F9700500E83 /* Resources */,
			);
			buildRules = (
			);
			dependencies = (
				58817C332A710F9700500E83 /* PBXTargetDependency */,
			);
			name = CombineIntroTests;
			productName = CombineIntroTests;
			productReference = 58817C312A710F9700500E83 /* CombineIntroTests.xctest */;
			productType = "com.apple.product-type.bundle.unit-test";
		};
		58817C3A2A710F9700500E83 /* CombineIntroUITests */ = {
			isa = PBXNativeTarget;
			buildConfigurationList = 58817C4B2A710F9700500E83 /* Build configuration list for PBXNativeTarget "CombineIntroUITests" */;
			buildPhases = (
				58817C372A710F9700500E83 /* Sources */,
				58817C382A710F9700500E83 /* Frameworks */,
				58817C392A710F9700500E83 /* Resources */,
			);
			buildRules = (
			);
			dependencies = (
				58817C3D2A710F9700500E83 /* PBXTargetDependency */,
			);
			name = CombineIntroUITests;
			productName = CombineIntroUITests;
			productReference = 58817C3B2A710F9700500E83 /* CombineIntroUITests.xctest */;
			productType = "com.apple.product-type.bundle.ui-testing";
		};
/* End PBXNativeTarget section */

/* Begin PBXProject section */
		58817C132A710F9600500E83 /* Project object */ = {
			isa = PBXProject;
			attributes = {
				BuildIndependentTargetsInParallel = 1;
				LastSwiftUpdateCheck = 1430;
				LastUpgradeCheck = 1430;
				TargetAttributes = {
					58817C1A2A710F9600500E83 = {
						CreatedOnToolsVersion = 14.3.1;
					};
					58817C302A710F9700500E83 = {
						CreatedOnToolsVersion = 14.3.1;
						TestTargetID = 58817C1A2A710F9600500E83;
					};
					58817C3A2A710F9700500E83 = {
						CreatedOnToolsVersion = 14.3.1;
						TestTargetID = 58817C1A2A710F9600500E83;
					};
				};
			};
			buildConfigurationList = 58817C162A710F9600500E83 /* Build configuration list for PBXProject "CombineIntro" */;
			compatibilityVersion = "Xcode 14.0";
			developmentRegion = en;
			hasScannedForEncodings = 0;
			knownRegions = (
				en,
				Base,
			);
			mainGroup = 58817C122A710F9600500E83;
			productRefGroup = 58817C1C2A710F9600500E83 /* Products */;
			projectDirPath = "";
			projectRoot = "";
			targets = (
				58817C1A2A710F9600500E83 /* CombineIntro */,
				58817C302A710F9700500E83 /* CombineIntroTests */,
				58817C3A2A710F9700500E83 /* CombineIntroUITests */,
			);
		};
/* End PBXProject section */

/* Begin PBXResourcesBuildPhase section */
		58817C192A710F9600500E83 /* Resources */ = {
			isa = PBXResourcesBuildPhase;
			buildActionMask = 2147483647;
			files = (
				58817C2B2A710F9700500E83 /* LaunchScreen.storyboard in Resources */,
				58817C282A710F9700500E83 /* Assets.xcassets in Resources */,
				58817C262A710F9600500E83 /* Main.storyboard in Resources */,
			);
			runOnlyForDeploymentPostprocessing = 0;
		};
		58817C2F2A710F9700500E83 /* Resources */ = {
			isa = PBXResourcesBuildPhase;
			buildActionMask = 2147483647;
			files = (
			);
			runOnlyForDeploymentPostprocessing = 0;
		};
		58817C392A710F9700500E83 /* Resources */ = {
			isa = PBXResourcesBuildPhase;
			buildActionMask = 2147483647;
			files = (
			);
			runOnlyForDeploymentPostprocessing = 0;
		};
/* End PBXResourcesBuildPhase section */

/* Begin PBXSourcesBuildPhase section */
		58817C172A710F9600500E83 /* Sources */ = {
			isa = PBXSourcesBuildPhase;
			buildActionMask = 2147483647;
			files = (
				58817C232A710F9600500E83 /* ViewController.swift in Sources */,
				58817C1F2A710F9600500E83 /* AppDelegate.swift in Sources */,
				58817C212A710F9600500E83 /* SceneDelegate.swift in Sources */,
				58817C7E2A7112B000500E83 /* APICaller.swift in Sources */,
			);
			runOnlyForDeploymentPostprocessing = 0;
		};
		58817C2D2A710F9700500E83 /* Sources */ = {
			isa = PBXSourcesBuildPhase;
			buildActionMask = 2147483647;
			files = (
				58817C362A710F9700500E83 /* CombineIntroTests.swift in Sources */,
			);
			runOnlyForDeploymentPostprocessing = 0;
		};
		58817C372A710F9700500E83 /* Sources */ = {
			isa = PBXSourcesBuildPhase;
			buildActionMask = 2147483647;
			files = (
				58817C402A710F9700500E83 /* CombineIntroUITests.swift in Sources */,
				58817C422A710F9700500E83 /* CombineIntroUITestsLaunchTests.swift in Sources */,
			);
			runOnlyForDeploymentPostprocessing = 0;
		};
/* End PBXSourcesBuildPhase section */

/* Begin PBXTargetDependency section */
		58817C332A710F9700500E83 /* PBXTargetDependency */ = {
			isa = PBXTargetDependency;
			target = 58817C1A2A710F9600500E83 /* CombineIntro */;
			targetProxy = 58817C322A710F9700500E83 /* PBXContainerItemProxy */;
		};
		58817C3D2A710F9700500E83 /* PBXTargetDependency */ = {
			isa = PBXTargetDependency;
			target = 58817C1A2A710F9600500E83 /* CombineIntro */;
			targetProxy = 58817C3C2A710F9700500E83 /* PBXContainerItemProxy */;
		};
/* End PBXTargetDependency section */

/* Begin PBXVariantGroup section */
		58817C242A710F9600500E83 /* Main.storyboard */ = {
			isa = PBXVariantGroup;
			children = (
				58817C252A710F9600500E83 /* Base */,
			);
			name = Main.storyboard;
			sourceTree = "<group>";
		};
		58817C292A710F9700500E83 /* LaunchScreen.storyboard */ = {
			isa = PBXVariantGroup;
			children = (
				58817C2A2A710F9700500E83 /* Base */,
			);
			name = LaunchScreen.storyboard;
			sourceTree = "<group>";
		};
/* End PBXVariantGroup section */

/* Begin XCBuildConfiguration section */
		58817C432A710F9700500E83 /* Debug */ = {
			isa = XCBuildConfiguration;
			buildSettings = {
				ALWAYS_SEARCH_USER_PATHS = NO;
				CLANG_ANALYZER_NONNULL = YES;
				CLANG_ANALYZER_NUMBER_OBJECT_CONVERSION = YES_AGGRESSIVE;
				CLANG_CXX_LANGUAGE_STANDARD = "gnu++20";
				CLANG_ENABLE_MODULES = YES;
				CLANG_ENABLE_OBJC_ARC = YES;
				CLANG_ENABLE_OBJC_WEAK = YES;
				CLANG_WARN_BLOCK_CAPTURE_AUTORELEASING = YES;
				CLANG_WARN_BOOL_CONVERSION = YES;
				CLANG_WARN_COMMA = YES;
				CLANG_WARN_CONSTANT_CONVERSION = YES;
				CLANG_WARN_DEPRECATED_OBJC_IMPLEMENTATIONS = YES;
				CLANG_WARN_DIRECT_OBJC_ISA_USAGE = YES_ERROR;
				CLANG_WARN_DOCUMENTATION_COMMENTS = YES;
				CLANG_WARN_EMPTY_BODY = YES;
				CLANG_WARN_ENUM_CONVERSION = YES;
				CLANG_WARN_INFINITE_RECURSION = YES;
				CLANG_WARN_INT_CONVERSION = YES;
				CLANG_WARN_NON_LITERAL_NULL_CONVERSION = YES;
				CLANG_WARN_OBJC_IMPLICIT_RETAIN_SELF = YES;
				CLANG_WARN_OBJC_LITERAL_CONVERSION = YES;
				CLANG_WARN_OBJC_ROOT_CLASS = YES_ERROR;
				CLANG_WARN_QUOTED_INCLUDE_IN_FRAMEWORK_HEADER = YES;
				CLANG_WARN_RANGE_LOOP_ANALYSIS = YES;
				CLANG_WARN_STRICT_PROTOTYPES = YES;
				CLANG_WARN_SUSPICIOUS_MOVE = YES;
				CLANG_WARN_UNGUARDED_AVAILABILITY = YES_AGGRESSIVE;
				CLANG_WARN_UNREACHABLE_CODE = YES;
				CLANG_WARN__DUPLICATE_METHOD_MATCH = YES;
				COPY_PHASE_STRIP = NO;
				DEBUG_INFORMATION_FORMAT = dwarf;
				ENABLE_STRICT_OBJC_MSGSEND = YES;
				ENABLE_TESTABILITY = YES;
				GCC_C_LANGUAGE_STANDARD = gnu11;
				GCC_DYNAMIC_NO_PIC = NO;
				GCC_NO_COMMON_BLOCKS = YES;
				GCC_OPTIMIZATION_LEVEL = 0;
				GCC_PREPROCESSOR_DEFINITIONS = (
					"DEBUG=1",
					"$(inherited)",
				);
				GCC_WARN_64_TO_32_BIT_CONVERSION = YES;
				GCC_WARN_ABOUT_RETURN_TYPE = YES_ERROR;
				GCC_WARN_UNDECLARED_SELECTOR = YES;
				GCC_WARN_UNINITIALIZED_AUTOS = YES_AGGRESSIVE;
				GCC_WARN_UNUSED_FUNCTION = YES;
				GCC_WARN_UNUSED_VARIABLE = YES;
				IPHONEOS_DEPLOYMENT_TARGET = 16.4;
				MTL_ENABLE_DEBUG_INFO = INCLUDE_SOURCE;
				MTL_FAST_MATH = YES;
				ONLY_ACTIVE_ARCH = YES;
				SDKROOT = iphoneos;
				SWIFT_ACTIVE_COMPILATION_CONDITIONS = DEBUG;
				SWIFT_OPTIMIZATION_LEVEL = "-Onone";
			};
			name = Debug;
		};
		58817C442A710F9700500E83 /* Release */ = {
			isa = XCBuildConfiguration;
			buildSettings = {
				ALWAYS_SEARCH_USER_PATHS = NO;
				CLANG_ANALYZER_NONNULL = YES;
				CLANG_ANALYZER_NUMBER_OBJECT_CONVERSION = YES_AGGRESSIVE;
				CLANG_CXX_LANGUAGE_STANDARD = "gnu++20";
				CLANG_ENABLE_MODULES = YES;
				CLANG_ENABLE_OBJC_ARC = YES;
				CLANG_ENABLE_OBJC_WEAK = YES;
				CLANG_WARN_BLOCK_CAPTURE_AUTORELEASING = YES;
				CLANG_WARN_BOOL_CONVERSION = YES;
				CLANG_WARN_COMMA = YES;
				CLANG_WARN_CONSTANT_CONVERSION = YES;
				CLANG_WARN_DEPRECATED_OBJC_IMPLEMENTATIONS = YES;
				CLANG_WARN_DIRECT_OBJC_ISA_USAGE = YES_ERROR;
				CLANG_WARN_DOCUMENTATION_COMMENTS = YES;
				CLANG_WARN_EMPTY_BODY = YES;
				CLANG_WARN_ENUM_CONVERSION = YES;
				CLANG_WARN_INFINITE_RECURSION = YES;
				CLANG_WARN_INT_CONVERSION = YES;
				CLANG_WARN_NON_LITERAL_NULL_CONVERSION = YES;
				CLANG_WARN_OBJC_IMPLICIT_RETAIN_SELF = YES;
				CLANG_WARN_OBJC_LITERAL_CONVERSION = YES;
				CLANG_WARN_OBJC_ROOT_CLASS = YES_ERROR;
				CLANG_WARN_QUOTED_INCLUDE_IN_FRAMEWORK_HEADER = YES;
				CLANG_WARN_RANGE_LOOP_ANALYSIS = YES;
				CLANG_WARN_STRICT_PROTOTYPES = YES;
				CLANG_WARN_SUSPICIOUS_MOVE = YES;
				CLANG_WARN_UNGUARDED_AVAILABILITY = YES_AGGRESSIVE;
				CLANG_WARN_UNREACHABLE_CODE = YES;
				CLANG_WARN__DUPLICATE_METHOD_MATCH = YES;
				COPY_PHASE_STRIP = NO;
				DEBUG_INFORMATION_FORMAT = "dwarf-with-dsym";
				ENABLE_NS_ASSERTIONS = NO;
				ENABLE_STRICT_OBJC_MSGSEND = YES;
				GCC_C_LANGUAGE_STANDARD = gnu11;
				GCC_NO_COMMON_BLOCKS = YES;
				GCC_WARN_64_TO_32_BIT_CONVERSION = YES;
				GCC_WARN_ABOUT_RETURN_TYPE = YES_ERROR;
				GCC_WARN_UNDECLARED_SELECTOR = YES;
				GCC_WARN_UNINITIALIZED_AUTOS = YES_AGGRESSIVE;
				GCC_WARN_UNUSED_FUNCTION = YES;
				GCC_WARN_UNUSED_VARIABLE = YES;
				IPHONEOS_DEPLOYMENT_TARGET = 16.4;
				MTL_ENABLE_DEBUG_INFO = NO;
				MTL_FAST_MATH = YES;
				SDKROOT = iphoneos;
				SWIFT_COMPILATION_MODE = wholemodule;
				SWIFT_OPTIMIZATION_LEVEL = "-O";
				VALIDATE_PRODUCT = YES;
			};
			name = Release;
		};
		58817C462A710F9700500E83 /* Debug */ = {
			isa = XCBuildConfiguration;
			buildSettings = {
				ASSETCATALOG_COMPILER_APPICON_NAME = AppIcon;
				ASSETCATALOG_COMPILER_GLOBAL_ACCENT_COLOR_NAME = AccentColor;
				CODE_SIGN_STYLE = Automatic;
				CURRENT_PROJECT_VERSION = 1;
				DEVELOPMENT_TEAM = 8N5V873J65;
				GENERATE_INFOPLIST_FILE = YES;
				INFOPLIST_FILE = CombineIntro/Info.plist;
				INFOPLIST_KEY_UIApplicationSupportsIndirectInputEvents = YES;
				INFOPLIST_KEY_UILaunchStoryboardName = LaunchScreen;
				INFOPLIST_KEY_UIMainStoryboardFile = Main;
				INFOPLIST_KEY_UISupportedInterfaceOrientations_iPad = "UIInterfaceOrientationPortrait UIInterfaceOrientationPortraitUpsideDown UIInterfaceOrientationLandscapeLeft UIInterfaceOrientationLandscapeRight";
				INFOPLIST_KEY_UISupportedInterfaceOrientations_iPhone = "UIInterfaceOrientationPortrait UIInterfaceOrientationLandscapeLeft UIInterfaceOrientationLandscapeRight";
				LD_RUNPATH_SEARCH_PATHS = (
					"$(inherited)",
					"@executable_path/Frameworks",
				);
				MARKETING_VERSION = 1.0;
				PRODUCT_BUNDLE_IDENTIFIER = com.anupdsouza.CombineIntro;
				PRODUCT_NAME = "$(TARGET_NAME)";
				SWIFT_EMIT_LOC_STRINGS = YES;
				SWIFT_VERSION = 5.0;
				TARGETED_DEVICE_FAMILY = "1,2";
			};
			name = Debug;
		};
		58817C472A710F9700500E83 /* Release */ = {
			isa = XCBuildConfiguration;
			buildSettings = {
				ASSETCATALOG_COMPILER_APPICON_NAME = AppIcon;
				ASSETCATALOG_COMPILER_GLOBAL_ACCENT_COLOR_NAME = AccentColor;
				CODE_SIGN_STYLE = Automatic;
				CURRENT_PROJECT_VERSION = 1;
				DEVELOPMENT_TEAM = 8N5V873J65;
				GENERATE_INFOPLIST_FILE = YES;
				INFOPLIST_FILE = CombineIntro/Info.plist;
				INFOPLIST_KEY_UIApplicationSupportsIndirectInputEvents = YES;
				INFOPLIST_KEY_UILaunchStoryboardName = LaunchScreen;
				INFOPLIST_KEY_UIMainStoryboardFile = Main;
				INFOPLIST_KEY_UISupportedInterfaceOrientations_iPad = "UIInterfaceOrientationPortrait UIInterfaceOrientationPortraitUpsideDown UIInterfaceOrientationLandscapeLeft UIInterfaceOrientationLandscapeRight";
				INFOPLIST_KEY_UISupportedInterfaceOrientations_iPhone = "UIInterfaceOrientationPortrait UIInterfaceOrientationLandscapeLeft UIInterfaceOrientationLandscapeRight";
				LD_RUNPATH_SEARCH_PATHS = (
					"$(inherited)",
					"@executable_path/Frameworks",
				);
				MARKETING_VERSION = 1.0;
				PRODUCT_BUNDLE_IDENTIFIER = com.anupdsouza.CombineIntro;
				PRODUCT_NAME = "$(TARGET_NAME)";
				SWIFT_EMIT_LOC_STRINGS = YES;
				SWIFT_VERSION = 5.0;
				TARGETED_DEVICE_FAMILY = "1,2";
			};
			name = Release;
		};
		58817C492A710F9700500E83 /* Debug */ = {
			isa = XCBuildConfiguration;
			buildSettings = {
				ALWAYS_EMBED_SWIFT_STANDARD_LIBRARIES = YES;
				BUNDLE_LOADER = "$(TEST_HOST)";
				CODE_SIGN_STYLE = Automatic;
				CURRENT_PROJECT_VERSION = 1;
				DEVELOPMENT_TEAM = 8N5V873J65;
				GENERATE_INFOPLIST_FILE = YES;
				IPHONEOS_DEPLOYMENT_TARGET = 16.4;
				MARKETING_VERSION = 1.0;
				PRODUCT_BUNDLE_IDENTIFIER = com.anupdsouza.CombineIntroTests;
				PRODUCT_NAME = "$(TARGET_NAME)";
				SWIFT_EMIT_LOC_STRINGS = NO;
				SWIFT_VERSION = 5.0;
				TARGETED_DEVICE_FAMILY = "1,2";
				TEST_HOST = "$(BUILT_PRODUCTS_DIR)/CombineIntro.app/$(BUNDLE_EXECUTABLE_FOLDER_PATH)/CombineIntro";
			};
			name = Debug;
		};
		58817C4A2A710F9700500E83 /* Release */ = {
			isa = XCBuildConfiguration;
			buildSettings = {
				ALWAYS_EMBED_SWIFT_STANDARD_LIBRARIES = YES;
				BUNDLE_LOADER = "$(TEST_HOST)";
				CODE_SIGN_STYLE = Automatic;
				CURRENT_PROJECT_VERSION = 1;
				DEVELOPMENT_TEAM = 8N5V873J65;
				GENERATE_INFOPLIST_FILE = YES;
				IPHONEOS_DEPLOYMENT_TARGET = 16.4;
				MARKETING_VERSION = 1.0;
				PRODUCT_BUNDLE_IDENTIFIER = com.anupdsouza.CombineIntroTests;
				PRODUCT_NAME = "$(TARGET_NAME)";
				SWIFT_EMIT_LOC_STRINGS = NO;
				SWIFT_VERSION = 5.0;
				TARGETED_DEVICE_FAMILY = "1,2";
				TEST_HOST = "$(BUILT_PRODUCTS_DIR)/CombineIntro.app/$(BUNDLE_EXECUTABLE_FOLDER_PATH)/CombineIntro";
			};
			name = Release;
		};
		58817C4C2A710F9700500E83 /* Debug */ = {
			isa = XCBuildConfiguration;
			buildSettings = {
				ALWAYS_EMBED_SWIFT_STANDARD_LIBRARIES = YES;
				CODE_SIGN_STYLE = Automatic;
				CURRENT_PROJECT_VERSION = 1;
				DEVELOPMENT_TEAM = 8N5V873J65;
				GENERATE_INFOPLIST_FILE = YES;
				MARKETING_VERSION = 1.0;
				PRODUCT_BUNDLE_IDENTIFIER = com.anupdsouza.CombineIntroUITests;
				PRODUCT_NAME = "$(TARGET_NAME)";
				SWIFT_EMIT_LOC_STRINGS = NO;
				SWIFT_VERSION = 5.0;
				TARGETED_DEVICE_FAMILY = "1,2";
				TEST_TARGET_NAME = CombineIntro;
			};
			name = Debug;
		};
		58817C4D2A710F9700500E83 /* Release */ = {
			isa = XCBuildConfiguration;
			buildSettings = {
				ALWAYS_EMBED_SWIFT_STANDARD_LIBRARIES = YES;
				CODE_SIGN_STYLE = Automatic;
				CURRENT_PROJECT_VERSION = 1;
				DEVELOPMENT_TEAM = 8N5V873J65;
				GENERATE_INFOPLIST_FILE = YES;
				MARKETING_VERSION = 1.0;
				PRODUCT_BUNDLE_IDENTIFIER = com.anupdsouza.CombineIntroUITests;
				PRODUCT_NAME = "$(TARGET_NAME)";
				SWIFT_EMIT_LOC_STRINGS = NO;
				SWIFT_VERSION = 5.0;
				TARGETED_DEVICE_FAMILY = "1,2";
				TEST_TARGET_NAME = CombineIntro;
			};
			name = Release;
		};
/* End XCBuildConfiguration section */

/* Begin XCConfigurationList section */
		58817C162A710F9600500E83 /* Build configuration list for PBXProject "CombineIntro" */ = {
			isa = XCConfigurationList;
			buildConfigurations = (
				58817C432A710F9700500E83 /* Debug */,
				58817C442A710F9700500E83 /* Release */,
			);
			defaultConfigurationIsVisible = 0;
			defaultConfigurationName = Release;
		};
		58817C452A710F9700500E83 /* Build configuration list for PBXNativeTarget "CombineIntro" */ = {
			isa = XCConfigurationList;
			buildConfigurations = (
				58817C462A710F9700500E83 /* Debug */,
				58817C472A710F9700500E83 /* Release */,
			);
			defaultConfigurationIsVisible = 0;
			defaultConfigurationName = Release;
		};
		58817C482A710F9700500E83 /* Build configuration list for PBXNativeTarget "CombineIntroTests" */ = {
			isa = XCConfigurationList;
			buildConfigurations = (
				58817C492A710F9700500E83 /* Debug */,
				58817C4A2A710F9700500E83 /* Release */,
			);
			defaultConfigurationIsVisible = 0;
			defaultConfigurationName = Release;
		};
		58817C4B2A710F9700500E83 /* Build configuration list for PBXNativeTarget "CombineIntroUITests" */ = {
			isa = XCConfigurationList;
			buildConfigurations = (
				58817C4C2A710F9700500E83 /* Debug */,
				58817C4D2A710F9700500E83 /* Release */,
			);
			defaultConfigurationIsVisible = 0;
			defaultConfigurationName = Release;
		};
/* End XCConfigurationList section */
	};
	rootObject = 58817C132A710F9600500E83 /* Project object */;
}
